
Microsoft Visual Studio Solution File, Format Version 11.00
# Visual Studio 2010
Project("{FAE04EC0-301F-11D3-BF4B-00C04F79EFBC}") = "GUI3", "GUI3\GUI3.csproj", "{0EFE4AD1-9F94-4A99-BD3C-5A04733C3270}"
EndProject
Project("{FAE04EC0-301F-11D3-BF4B-00C04F79EFBC}") = "Salsa.Core", "..\..\..\..\p1\code-scott-2\Salsa.Core\Salsa.Core.csproj", "{B9B1F4DA-18CB-41C9-BADC-A280DCE28FDB}"
EndProject
Project("{FAE04EC0-301F-11D3-BF4B-00C04F79EFBC}") = "Salsa.ConfigurationEditor", "..\..\..\..\p1\code-scott-2\Salsa.ConfigurationEditor\Salsa.ConfigurationEditor.csproj", "{10AFFE7E-4F1A-418D-8D0E-A0519969B833}"
EndProject
Global
	GlobalSection(SolutionConfigurationPlatforms) = preSolution
		Debug|Any CPU = Debug|Any CPU
		Release|Any CPU = Release|Any CPU
	EndGlobalSection
	GlobalSection(ProjectConfigurationPlatforms) = postSolution
		{0EFE4AD1-9F94-4A99-BD3C-5A04733C3270}.Debug|Any CPU.ActiveCfg = Debug|Any CPU
		{0EFE4AD1-9F94-4A99-BD3C-5A04733C3270}.Debug|Any CPU.Build.0 = Debug|Any CPU
		{0EFE4AD1-9F94-4A99-BD3C-5A04733C3270}.Release|Any CPU.ActiveCfg = Release|Any CPU
		{0EFE4AD1-9F94-4A99-BD3C-5A04733C3270}.Release|Any CPU.Build.0 = Release|Any CPU
		{B9B1F4DA-18CB-41C9-BADC-A280DCE28FDB}.Debug|Any CPU.ActiveCfg = Debug|Any CPU
		{B9B1F4DA-18CB-41C9-BADC-A280DCE28FDB}.Debug|Any CPU.Build.0 = Debug|Any CPU
		{B9B1F4DA-18CB-41C9-BADC-A280DCE28FDB}.Release|Any CPU.ActiveCfg = Release|Any CPU
		{B9B1F4DA-18CB-41C9-BADC-A280DCE28FDB}.Release|Any CPU.Build.0 = Release|Any CPU
		{10AFFE7E-4F1A-418D-8D0E-A0519969B833}.Debug|Any CPU.ActiveCfg = Debug|Any CPU
		{10AFFE7E-4F1A-418D-8D0E-A0519969B833}.Debug|Any CPU.Build.0 = Debug|Any CPU
		{10AFFE7E-4F1A-418D-8D0E-A0519969B833}.Release|Any CPU.ActiveCfg = Release|Any CPU
		{10AFFE7E-4F1A-418D-8D0E-A0519969B833}.Release|Any CPU.Build.0 = Release|Any CPU
	EndGlobalSection
	GlobalSection(SolutionProperties) = preSolution
		HideSolutionNode = FALSE
	EndGlobalSection
EndGlobal
