
Microsoft Visual Studio Solution File, Format Version 10.00
# Visual Studio 2008
Project("{FAE04EC0-301F-11D3-BF4B-00C04F79EFBC}") = "Replacer", "Replacer\Replacer.csproj", "{AAD7B1B8-427B-4EED-8A42-10CD5ED8C2D9}"
EndProject
Project("{FAE04EC0-301F-11D3-BF4B-00C04F79EFBC}") = "Splitter", "Splitter\Splitter.csproj", "{36AFB832-D2DA-43C8-9CA4-8DB263F8C866}"
EndProject
Global
	GlobalSection(SubversionScc) = preSolution
		Svn-Managed = True
		Manager = AnkhSVN - Subversion Support for Visual Studio
	EndGlobalSection
	GlobalSection(SolutionConfigurationPlatforms) = preSolution
		Debug|Any CPU = Debug|Any CPU
		Release|Any CPU = Release|Any CPU
	EndGlobalSection
	GlobalSection(ProjectConfigurationPlatforms) = postSolution
		{AAD7B1B8-427B-4EED-8A42-10CD5ED8C2D9}.Debug|Any CPU.ActiveCfg = Debug|Any CPU
		{AAD7B1B8-427B-4EED-8A42-10CD5ED8C2D9}.Debug|Any CPU.Build.0 = Debug|Any CPU
		{AAD7B1B8-427B-4EED-8A42-10CD5ED8C2D9}.Release|Any CPU.ActiveCfg = Release|Any CPU
		{AAD7B1B8-427B-4EED-8A42-10CD5ED8C2D9}.Release|Any CPU.Build.0 = Release|Any CPU
		{36AFB832-D2DA-43C8-9CA4-8DB263F8C866}.Debug|Any CPU.ActiveCfg = Debug|Any CPU
		{36AFB832-D2DA-43C8-9CA4-8DB263F8C866}.Debug|Any CPU.Build.0 = Debug|Any CPU
		{36AFB832-D2DA-43C8-9CA4-8DB263F8C866}.Release|Any CPU.ActiveCfg = Release|Any CPU
		{36AFB832-D2DA-43C8-9CA4-8DB263F8C866}.Release|Any CPU.Build.0 = Release|Any CPU
	EndGlobalSection
	GlobalSection(SolutionProperties) = preSolution
		HideSolutionNode = FALSE
	EndGlobalSection
EndGlobal
