
Microsoft Visual Studio Solution File, Format Version 12.00
# Visual Studio 2012
Project("{FAE04EC0-301F-11D3-BF4B-00C04F79EFBC}") = "MDSTryout", "MDSTryout.csproj", "{EFD78099-A06F-425E-BCE5-656C61ABB9B9}"
EndProject
Global
	GlobalSection(SubversionScc) = preSolution
		Svn-Managed = True
		Manager = AnkhSVN - Subversion Support for Visual Studio
	EndGlobalSection
	GlobalSection(SolutionConfigurationPlatforms) = preSolution
		Debug|x86 = Debug|x86
		Release|x86 = Release|x86
	EndGlobalSection
	GlobalSection(ProjectConfigurationPlatforms) = postSolution
		{EFD78099-A06F-425E-BCE5-656C61ABB9B9}.Debug|x86.ActiveCfg = Release|x64
		{EFD78099-A06F-425E-BCE5-656C61ABB9B9}.Debug|x86.Build.0 = Release|x64
		{EFD78099-A06F-425E-BCE5-656C61ABB9B9}.Release|x86.ActiveCfg = Release|x86
		{EFD78099-A06F-425E-BCE5-656C61ABB9B9}.Release|x86.Build.0 = Release|x86
	EndGlobalSection
	GlobalSection(SolutionProperties) = preSolution
		HideSolutionNode = FALSE
	EndGlobalSection
EndGlobal
