
Microsoft Visual Studio Solution File, Format Version 10.00
# Visual Studio 2008
Project("{FAE04EC0-301F-11D3-BF4B-00C04F79EFBC}") = "ComputationParClient", "ComputationParClient\ComputationParClient.csproj", "{EA9B521C-8ADF-4D68-A91A-27B78C3FA56F}"
EndProject
Global
	GlobalSection(SolutionConfigurationPlatforms) = preSolution
		Debug|Any CPU = Debug|Any CPU
		Release|Any CPU = Release|Any CPU
	EndGlobalSection
	GlobalSection(ProjectConfigurationPlatforms) = postSolution
		{EA9B521C-8ADF-4D68-A91A-27B78C3FA56F}.Debug|Any CPU.ActiveCfg = Debug|Any CPU
		{EA9B521C-8ADF-4D68-A91A-27B78C3FA56F}.Debug|Any CPU.Build.0 = Debug|Any CPU
		{EA9B521C-8ADF-4D68-A91A-27B78C3FA56F}.Release|Any CPU.ActiveCfg = Release|Any CPU
		{EA9B521C-8ADF-4D68-A91A-27B78C3FA56F}.Release|Any CPU.Build.0 = Release|Any CPU
	EndGlobalSection
	GlobalSection(SolutionProperties) = preSolution
		HideSolutionNode = FALSE
	EndGlobalSection
EndGlobal
