
Microsoft Visual Studio Solution File, Format Version 11.00
# Visual Studio 2010
Project("{FAE04EC0-301F-11D3-BF4B-00C04F79EFBC}") = "MBF2Java2Csharp", "MBF2Java2Csharp\MBF2Java2Csharp.csproj", "{8A514DB6-DEB5-4013-B282-20758B114DB6}"
EndProject
Project("{FAE04EC0-301F-11D3-BF4B-00C04F79EFBC}") = "MBF2Java2CsharpAlignmentTester", "MBF2Java2CsharpAlignmentTester\MBF2Java2CsharpAlignmentTester.csproj", "{A57B5F87-4C0B-4712-9C3D-E2CDF1C74395}"
EndProject
Global
	GlobalSection(SubversionScc) = preSolution
		Svn-Managed = True
		Manager = AnkhSVN - Subversion Support for Visual Studio
	EndGlobalSection
	GlobalSection(SolutionConfigurationPlatforms) = preSolution
		Debug|x86 = Debug|x86
		Release|x86 = Release|x86
	EndGlobalSection
	GlobalSection(ProjectConfigurationPlatforms) = postSolution
		{8A514DB6-DEB5-4013-B282-20758B114DB6}.Debug|x86.ActiveCfg = Debug|x86
		{8A514DB6-DEB5-4013-B282-20758B114DB6}.Debug|x86.Build.0 = Debug|x86
		{8A514DB6-DEB5-4013-B282-20758B114DB6}.Release|x86.ActiveCfg = Release|x86
		{8A514DB6-DEB5-4013-B282-20758B114DB6}.Release|x86.Build.0 = Release|x86
		{A57B5F87-4C0B-4712-9C3D-E2CDF1C74395}.Debug|x86.ActiveCfg = Debug|x86
		{A57B5F87-4C0B-4712-9C3D-E2CDF1C74395}.Debug|x86.Build.0 = Debug|x86
		{A57B5F87-4C0B-4712-9C3D-E2CDF1C74395}.Release|x86.ActiveCfg = Release|x86
		{A57B5F87-4C0B-4712-9C3D-E2CDF1C74395}.Release|x86.Build.0 = Release|x86
	EndGlobalSection
	GlobalSection(SolutionProperties) = preSolution
		HideSolutionNode = FALSE
	EndGlobalSection
EndGlobal
