
Microsoft Visual Studio Solution File, Format Version 11.00
# Visual Studio 2010
Project("{FAE04EC0-301F-11D3-BF4B-00C04F79EFBC}") = "GUITest", "GUITest\GUITest.csproj", "{5DD650CF-5BEA-4862-B75A-666BF1CF59AE}"
EndProject
Project("{FAE04EC0-301F-11D3-BF4B-00C04F79EFBC}") = "Salsa.ConfigurationEditor", "..\Salsa.ConfigurationEditor\Salsa.ConfigurationEditor.csproj", "{10AFFE7E-4F1A-418D-8D0E-A0519969B833}"
EndProject
Project("{FAE04EC0-301F-11D3-BF4B-00C04F79EFBC}") = "Salsa.TestManager", "..\Salsa.TestManager\Salsa.TestManager.csproj", "{E5973971-D445-4926-B818-9F8B6958E3C8}"
EndProject
Project("{FAE04EC0-301F-11D3-BF4B-00C04F79EFBC}") = "Salsa.Core", "D:\SALSA\trunk\Core\CSharp\Salsa.Core\Salsa.Core.csproj", "{B9B1F4DA-18CB-41C9-BADC-A280DCE28FDB}"
EndProject
Global
	GlobalSection(SolutionConfigurationPlatforms) = preSolution
		Debug|Any CPU = Debug|Any CPU
		Release|Any CPU = Release|Any CPU
	EndGlobalSection
	GlobalSection(ProjectConfigurationPlatforms) = postSolution
		{5DD650CF-5BEA-4862-B75A-666BF1CF59AE}.Debug|Any CPU.ActiveCfg = Debug|Any CPU
		{5DD650CF-5BEA-4862-B75A-666BF1CF59AE}.Debug|Any CPU.Build.0 = Debug|Any CPU
		{5DD650CF-5BEA-4862-B75A-666BF1CF59AE}.Release|Any CPU.ActiveCfg = Release|Any CPU
		{5DD650CF-5BEA-4862-B75A-666BF1CF59AE}.Release|Any CPU.Build.0 = Release|Any CPU
		{10AFFE7E-4F1A-418D-8D0E-A0519969B833}.Debug|Any CPU.ActiveCfg = Debug|Any CPU
		{10AFFE7E-4F1A-418D-8D0E-A0519969B833}.Debug|Any CPU.Build.0 = Debug|Any CPU
		{10AFFE7E-4F1A-418D-8D0E-A0519969B833}.Release|Any CPU.ActiveCfg = Release|Any CPU
		{10AFFE7E-4F1A-418D-8D0E-A0519969B833}.Release|Any CPU.Build.0 = Release|Any CPU
		{E5973971-D445-4926-B818-9F8B6958E3C8}.Debug|Any CPU.ActiveCfg = Debug|Any CPU
		{E5973971-D445-4926-B818-9F8B6958E3C8}.Debug|Any CPU.Build.0 = Debug|Any CPU
		{E5973971-D445-4926-B818-9F8B6958E3C8}.Release|Any CPU.ActiveCfg = Release|Any CPU
		{E5973971-D445-4926-B818-9F8B6958E3C8}.Release|Any CPU.Build.0 = Release|Any CPU
		{B9B1F4DA-18CB-41C9-BADC-A280DCE28FDB}.Debug|Any CPU.ActiveCfg = Debug|Any CPU
		{B9B1F4DA-18CB-41C9-BADC-A280DCE28FDB}.Debug|Any CPU.Build.0 = Debug|Any CPU
		{B9B1F4DA-18CB-41C9-BADC-A280DCE28FDB}.Release|Any CPU.ActiveCfg = Release|Any CPU
		{B9B1F4DA-18CB-41C9-BADC-A280DCE28FDB}.Release|Any CPU.Build.0 = Release|Any CPU
	EndGlobalSection
	GlobalSection(SolutionProperties) = preSolution
		HideSolutionNode = FALSE
	EndGlobalSection
EndGlobal
