
Microsoft Visual Studio Solution File, Format Version 10.00
# Visual Studio 2008
Project("{FAE04EC0-301F-11D3-BF4B-00C04F79EFBC}") = "ConfTester", "ConfTester\ConfTester.csproj", "{BD1D9898-6175-4034-B54D-A112A035D065}"
EndProject
Project("{FAE04EC0-301F-11D3-BF4B-00C04F79EFBC}") = "salsaconf", "..\salsaconf\salsaconf\salsaconf.csproj", "{08B91DF9-6236-45F0-ABDF-3D640C349870}"
EndProject
Global
	GlobalSection(SolutionConfigurationPlatforms) = preSolution
		Debug|Any CPU = Debug|Any CPU
		Release|Any CPU = Release|Any CPU
	EndGlobalSection
	GlobalSection(ProjectConfigurationPlatforms) = postSolution
		{BD1D9898-6175-4034-B54D-A112A035D065}.Debug|Any CPU.ActiveCfg = Debug|Any CPU
		{BD1D9898-6175-4034-B54D-A112A035D065}.Debug|Any CPU.Build.0 = Debug|Any CPU
		{BD1D9898-6175-4034-B54D-A112A035D065}.Release|Any CPU.ActiveCfg = Release|Any CPU
		{BD1D9898-6175-4034-B54D-A112A035D065}.Release|Any CPU.Build.0 = Release|Any CPU
		{08B91DF9-6236-45F0-ABDF-3D640C349870}.Debug|Any CPU.ActiveCfg = Debug|Any CPU
		{08B91DF9-6236-45F0-ABDF-3D640C349870}.Debug|Any CPU.Build.0 = Debug|Any CPU
		{08B91DF9-6236-45F0-ABDF-3D640C349870}.Release|Any CPU.ActiveCfg = Release|Any CPU
		{08B91DF9-6236-45F0-ABDF-3D640C349870}.Release|Any CPU.Build.0 = Release|Any CPU
	EndGlobalSection
	GlobalSection(SolutionProperties) = preSolution
		HideSolutionNode = FALSE
	EndGlobalSection
EndGlobal
