
Microsoft Visual Studio Solution File, Format Version 10.00
# Visual Studio 2008
Project("{FAE04EC0-301F-11D3-BF4B-00C04F79EFBC}") = "config-scott", "config-scott\config-scott.csproj", "{B51729F1-0A28-4BE8-9BD8-3233A9882525}"
EndProject
Global
	GlobalSection(SolutionConfigurationPlatforms) = preSolution
		Debug|Any CPU = Debug|Any CPU
		Release|Any CPU = Release|Any CPU
	EndGlobalSection
	GlobalSection(ProjectConfigurationPlatforms) = postSolution
		{B51729F1-0A28-4BE8-9BD8-3233A9882525}.Debug|Any CPU.ActiveCfg = Debug|Any CPU
		{B51729F1-0A28-4BE8-9BD8-3233A9882525}.Debug|Any CPU.Build.0 = Debug|Any CPU
		{B51729F1-0A28-4BE8-9BD8-3233A9882525}.Release|Any CPU.ActiveCfg = Release|Any CPU
		{B51729F1-0A28-4BE8-9BD8-3233A9882525}.Release|Any CPU.Build.0 = Release|Any CPU
	EndGlobalSection
	GlobalSection(SolutionProperties) = preSolution
		HideSolutionNode = FALSE
	EndGlobalSection
EndGlobal
